
Microsoft Visual Studio Solution File, Format Version 12.00
# Visual Studio 2012
Project("{FAE04EC0-301F-11D3-BF4B-00C04F79EFBC}") = "PatronSingleton", "PatronSingleton\PatronSingleton.csproj", "{C7395283-7954-4741-9A31-05D20BC90D5E}"
EndProject
Global
	GlobalSection(SolutionConfigurationPlatforms) = preSolution
		Debug|x86 = Debug|x86
		Release|x86 = Release|x86
	EndGlobalSection
	GlobalSection(ProjectConfigurationPlatforms) = postSolution
		{C7395283-7954-4741-9A31-05D20BC90D5E}.Debug|x86.ActiveCfg = Debug|x86
		{C7395283-7954-4741-9A31-05D20BC90D5E}.Debug|x86.Build.0 = Debug|x86
		{C7395283-7954-4741-9A31-05D20BC90D5E}.Release|x86.ActiveCfg = Release|x86
		{C7395283-7954-4741-9A31-05D20BC90D5E}.Release|x86.Build.0 = Release|x86
	EndGlobalSection
EndGlobal
