
Microsoft Visual Studio Solution File, Format Version 12.00
# Visual Studio 15
VisualStudioVersion = 15.0.27703.2042
MinimumVisualStudioVersion = 10.0.40219.1
Project("{FAE04EC0-301F-11D3-BF4B-00C04F79EFBC}") = "PatronFactoryMethod", "PatronFactoryMethod\PatronFactoryMethod.csproj", "{2192F4EC-7E43-460B-B47D-69EB4133756B}"
EndProject
Global
	GlobalSection(SolutionConfigurationPlatforms) = preSolution
		Debug|Any CPU = Debug|Any CPU
		Release|Any CPU = Release|Any CPU
	EndGlobalSection
	GlobalSection(ProjectConfigurationPlatforms) = postSolution
		{2192F4EC-7E43-460B-B47D-69EB4133756B}.Debug|Any CPU.ActiveCfg = Debug|Any CPU
		{2192F4EC-7E43-460B-B47D-69EB4133756B}.Debug|Any CPU.Build.0 = Debug|Any CPU
		{2192F4EC-7E43-460B-B47D-69EB4133756B}.Release|Any CPU.ActiveCfg = Release|Any CPU
		{2192F4EC-7E43-460B-B47D-69EB4133756B}.Release|Any CPU.Build.0 = Release|Any CPU
	EndGlobalSection
	GlobalSection(SolutionProperties) = preSolution
		HideSolutionNode = FALSE
	EndGlobalSection
	GlobalSection(ExtensibilityGlobals) = postSolution
		SolutionGuid = {64F78D91-7A17-4B83-89FB-9307E9F100A9}
	EndGlobalSection
EndGlobal
